lockfileVersion: 5.4

specifiers:
  github-markdown-css: ^5.2.0
  marked: ^3.0.0
  ws: ^8.8.1

dependencies:
  github-markdown-css: 5.2.0
  marked: 3.0.8
  ws: 8.8.1

packages:

  /github-markdown-css/5.2.0:
    resolution: {integrity: sha512-hq5RaCInSUZ48bImOZpkppW2/MT44StRgsbsZ8YA4vJFwLKB/Vo3k7R2t+pUGqO+ThG0QDMi96TewV/B3vyItg==}
    dev: false

  /marked/3.0.8:
    resolution: {integrity: sha512-0gVrAjo5m0VZSJb4rpL59K1unJAMb/hm8HRXqasD8VeC8m91ytDPMritgFSlKonfdt+rRYYpP/JfLxgIX8yoSw==}
    engines: {node: '>= 12'}
    hasBin: true
    dev: false

  /ws/8.8.1:
    resolution: {integrity: sha512-bGy2JzvzkPowEJV++hF07hAD6niYSr0JzBNo/J29WsB57A2r7Wlc1UFcTR9IzrPvuNVO4B8LGqF8qcpsVOhJCA==}
    engines: {node: '>=10.0.0'}
    peerDependencies:
      bufferutil: ^4.0.1
      utf-8-validate: ^5.0.2
    peerDependenciesMeta:
      bufferutil:
        optional: true
      utf-8-validate:
        optional: true
    dev: false
