# THIS IS AN AUTOGENERATED FILE. DO NOT EDIT THIS FILE DIRECTLY.
# yarn lockfile v1


argparse@^2.0.1:
  version "2.0.1"
  resolved "https://registry.nlark.com/argparse/download/argparse-2.0.1.tgz#246f50f3ca78a3240f6c997e8a9bd1eac49e4b38"
  integrity sha1-JG9Q88p4oyQPbJl+ipvR6sSeSzg=

entities@~2.1.0:
  version "2.1.0"
  resolved "https://registry.nlark.com/entities/download/entities-2.1.0.tgz?cache=0&sync_timestamp=1628508126700&other_urls=https%3A%2F%2Fregistry.nlark.com%2Fentities%2Fdownload%2Fentities-2.1.0.tgz#992d3129cf7df6870b96c57858c249a120f8b8b5"
  integrity sha1-mS0xKc999ocLlsV4WMJJoSD4uLU=

linkify-it@^3.0.1:
  version "3.0.2"
  resolved "https://registry.npm.taobao.org/linkify-it/download/linkify-it-3.0.2.tgz#f55eeb8bc1d3ae754049e124ab3bb56d97797fb8"
  integrity sha1-9V7ri8HTrnVASeEkqzu1bZd5f7g=
  dependencies:
    uc.micro "^1.0.1"

markdown-it-emoji@^2.0.0:
  version "2.0.0"
  resolved "https://registry.npm.taobao.org/markdown-it-emoji/download/markdown-it-emoji-2.0.0.tgz#3164ad4c009efd946e98274f7562ad611089a231"
  integrity sha1-MWStTACe/ZRumCdPdWKtYRCJojE=

markdown-it@^12.2.0:
  version "12.2.0"
  resolved "https://registry.nlark.com/markdown-it/download/markdown-it-12.2.0.tgz#091f720fd5db206f80de7a8d1f1a7035fd0d38db"
  integrity sha1-CR9yD9XbIG+A3nqNHxpwNf0NONs=
  dependencies:
    argparse "^2.0.1"
    entities "~2.1.0"
    linkify-it "^3.0.1"
    mdurl "^1.0.1"
    uc.micro "^1.0.5"

marked@^3.0.0:
  version "3.0.0"
  resolved "https://registry.yarnpkg.com/marked/-/marked-3.0.0.tgz#ac8369b7ddeef15fbbce870d14f321bdb20ca4e2"
  integrity sha512-IF2MYfFafPsLIhzLTu63secRBwOmIY+vwS+ei6qg8F+bTS+MxH6ONYRmuseGdZqF44qvoi3nP/rlpClBdgLbiQ==

mdurl@^1.0.1:
  version "1.0.1"
  resolved "https://registry.nlark.com/mdurl/download/mdurl-1.0.1.tgz#fe85b2ec75a59037f2adfec100fd6c601761152e"
  integrity sha1-/oWy7HWlkDfyrf7BAP1sYBdhFS4=

uc.micro@^1.0.1, uc.micro@^1.0.5:
  version "1.0.6"
  resolved "https://registry.npm.taobao.org/uc.micro/download/uc.micro-1.0.6.tgz#9c411a802a409a91fc6cf74081baba34b24499ac"
  integrity sha1-nEEagCpAmpH8bPdAgbq6NLJEmaw=
